
Microsoft Visual Studio Solution File, Format Version 12.00
# Visual Studio Version 16
VisualStudioVersion = 16.0.30104.148
MinimumVisualStudioVersion = 10.0.40219.1
Project("{FAE04EC0-301F-11D3-BF4B-00C04F79EFBC}") = "XamApp.Android", "XamApp\XamApp.Android\XamApp.Android.csproj", "{00038702-2353-4E40-8A30-357D0D02D574}"
EndProject
Project("{FAE04EC0-301F-11D3-BF4B-00C04F79EFBC}") = "XamApp.iOS", "XamApp\XamApp.iOS\XamApp.iOS.csproj", "{2041E61F-3119-40A1-99EA-5E458059E77C}"
EndProject
Project("{FAE04EC0-301F-11D3-BF4B-00C04F79EFBC}") = "XamApp", "XamApp\XamApp\XamApp.csproj", "{4DF5BEDD-A165-49ED-A4BD-22CDA3666665}"
EndProject
Global
	GlobalSection(SolutionConfigurationPlatforms) = preSolution
		Debug|Any CPU = Debug|Any CPU
		Debug|iPhone = Debug|iPhone
		Debug|iPhoneSimulator = Debug|iPhoneSimulator
		Release|Any CPU = Release|Any CPU
		Release|iPhone = Release|iPhone
		Release|iPhoneSimulator = Release|iPhoneSimulator
	EndGlobalSection
	GlobalSection(ProjectConfigurationPlatforms) = postSolution
		{00038702-2353-4E40-8A30-357D0D02D574}.Debug|Any CPU.ActiveCfg = Debug|Any CPU
		{00038702-2353-4E40-8A30-357D0D02D574}.Debug|Any CPU.Build.0 = Debug|Any CPU
		{00038702-2353-4E40-8A30-357D0D02D574}.Debug|Any CPU.Deploy.0 = Debug|Any CPU
		{00038702-2353-4E40-8A30-357D0D02D574}.Debug|iPhone.ActiveCfg = Debug|Any CPU
		{00038702-2353-4E40-8A30-357D0D02D574}.Debug|iPhone.Build.0 = Debug|Any CPU
		{00038702-2353-4E40-8A30-357D0D02D574}.Debug|iPhone.Deploy.0 = Debug|Any CPU
		{00038702-2353-4E40-8A30-357D0D02D574}.Debug|iPhoneSimulator.ActiveCfg = Debug|Any CPU
		{00038702-2353-4E40-8A30-357D0D02D574}.Debug|iPhoneSimulator.Build.0 = Debug|Any CPU
		{00038702-2353-4E40-8A30-357D0D02D574}.Debug|iPhoneSimulator.Deploy.0 = Debug|Any CPU
		{00038702-2353-4E40-8A30-357D0D02D574}.Release|Any CPU.ActiveCfg = Release|Any CPU
		{00038702-2353-4E40-8A30-357D0D02D574}.Release|Any CPU.Build.0 = Release|Any CPU
		{00038702-2353-4E40-8A30-357D0D02D574}.Release|Any CPU.Deploy.0 = Release|Any CPU
		{00038702-2353-4E40-8A30-357D0D02D574}.Release|iPhone.ActiveCfg = Release|Any CPU
		{00038702-2353-4E40-8A30-357D0D02D574}.Release|iPhone.Build.0 = Release|Any CPU
		{00038702-2353-4E40-8A30-357D0D02D574}.Release|iPhone.Deploy.0 = Release|Any CPU
		{00038702-2353-4E40-8A30-357D0D02D574}.Release|iPhoneSimulator.ActiveCfg = Release|Any CPU
		{00038702-2353-4E40-8A30-357D0D02D574}.Release|iPhoneSimulator.Build.0 = Release|Any CPU
		{00038702-2353-4E40-8A30-357D0D02D574}.Release|iPhoneSimulator.Deploy.0 = Release|Any CPU
		{2041E61F-3119-40A1-99EA-5E458059E77C}.Debug|Any CPU.ActiveCfg = Debug|iPhone
		{2041E61F-3119-40A1-99EA-5E458059E77C}.Debug|Any CPU.Build.0 = Debug|iPhone
		{2041E61F-3119-40A1-99EA-5E458059E77C}.Debug|Any CPU.Deploy.0 = Debug|iPhone
		{2041E61F-3119-40A1-99EA-5E458059E77C}.Debug|iPhone.ActiveCfg = Debug|iPhone
		{2041E61F-3119-40A1-99EA-5E458059E77C}.Debug|iPhone.Build.0 = Debug|iPhone
		{2041E61F-3119-40A1-99EA-5E458059E77C}.Debug|iPhone.Deploy.0 = Debug|iPhone
		{2041E61F-3119-40A1-99EA-5E458059E77C}.Debug|iPhoneSimulator.ActiveCfg = Debug|iPhoneSimulator
		{2041E61F-3119-40A1-99EA-5E458059E77C}.Debug|iPhoneSimulator.Build.0 = Debug|iPhoneSimulator
		{2041E61F-3119-40A1-99EA-5E458059E77C}.Debug|iPhoneSimulator.Deploy.0 = Debug|iPhoneSimulator
		{2041E61F-3119-40A1-99EA-5E458059E77C}.Release|Any CPU.ActiveCfg = Release|iPhone
		{2041E61F-3119-40A1-99EA-5E458059E77C}.Release|Any CPU.Build.0 = Release|iPhone
		{2041E61F-3119-40A1-99EA-5E458059E77C}.Release|Any CPU.Deploy.0 = Release|iPhone
		{2041E61F-3119-40A1-99EA-5E458059E77C}.Release|iPhone.ActiveCfg = Release|iPhone
		{2041E61F-3119-40A1-99EA-5E458059E77C}.Release|iPhone.Build.0 = Release|iPhone
		{2041E61F-3119-40A1-99EA-5E458059E77C}.Release|iPhone.Deploy.0 = Release|iPhone
		{2041E61F-3119-40A1-99EA-5E458059E77C}.Release|iPhoneSimulator.ActiveCfg = Release|iPhoneSimulator
		{2041E61F-3119-40A1-99EA-5E458059E77C}.Release|iPhoneSimulator.Build.0 = Release|iPhoneSimulator
		{2041E61F-3119-40A1-99EA-5E458059E77C}.Release|iPhoneSimulator.Deploy.0 = Release|iPhoneSimulator
		{4DF5BEDD-A165-49ED-A4BD-22CDA3666665}.Debug|Any CPU.ActiveCfg = Debug|Any CPU
		{4DF5BEDD-A165-49ED-A4BD-22CDA3666665}.Debug|Any CPU.Build.0 = Debug|Any CPU
		{4DF5BEDD-A165-49ED-A4BD-22CDA3666665}.Debug|Any CPU.Deploy.0 = Debug|Any CPU
		{4DF5BEDD-A165-49ED-A4BD-22CDA3666665}.Debug|iPhone.ActiveCfg = Debug|Any CPU
		{4DF5BEDD-A165-49ED-A4BD-22CDA3666665}.Debug|iPhone.Build.0 = Debug|Any CPU
		{4DF5BEDD-A165-49ED-A4BD-22CDA3666665}.Debug|iPhone.Deploy.0 = Debug|Any CPU
		{4DF5BEDD-A165-49ED-A4BD-22CDA3666665}.Debug|iPhoneSimulator.ActiveCfg = Debug|Any CPU
		{4DF5BEDD-A165-49ED-A4BD-22CDA3666665}.Debug|iPhoneSimulator.Build.0 = Debug|Any CPU
		{4DF5BEDD-A165-49ED-A4BD-22CDA3666665}.Debug|iPhoneSimulator.Deploy.0 = Debug|Any CPU
		{4DF5BEDD-A165-49ED-A4BD-22CDA3666665}.Release|Any CPU.ActiveCfg = Release|Any CPU
		{4DF5BEDD-A165-49ED-A4BD-22CDA3666665}.Release|Any CPU.Build.0 = Release|Any CPU
		{4DF5BEDD-A165-49ED-A4BD-22CDA3666665}.Release|Any CPU.Deploy.0 = Release|Any CPU
		{4DF5BEDD-A165-49ED-A4BD-22CDA3666665}.Release|iPhone.ActiveCfg = Release|Any CPU
		{4DF5BEDD-A165-49ED-A4BD-22CDA3666665}.Release|iPhone.Build.0 = Release|Any CPU
		{4DF5BEDD-A165-49ED-A4BD-22CDA3666665}.Release|iPhone.Deploy.0 = Release|Any CPU
		{4DF5BEDD-A165-49ED-A4BD-22CDA3666665}.Release|iPhoneSimulator.ActiveCfg = Release|Any CPU
		{4DF5BEDD-A165-49ED-A4BD-22CDA3666665}.Release|iPhoneSimulator.Build.0 = Release|Any CPU
		{4DF5BEDD-A165-49ED-A4BD-22CDA3666665}.Release|iPhoneSimulator.Deploy.0 = Release|Any CPU
	EndGlobalSection
	GlobalSection(SolutionProperties) = preSolution
		HideSolutionNode = FALSE
	EndGlobalSection
	GlobalSection(ExtensibilityGlobals) = postSolution
		SolutionGuid = {9FEC14DA-2823-4731-AB4D-831276694847}
	EndGlobalSection
EndGlobal
